
Microsoft Visual Studio Solution File, Format Version 12.00
# Visual Studio Version 17
VisualStudioVersion = 17.3.32922.545
MinimumVisualStudioVersion = 10.0.40219.1
Project("{FAE04EC0-301F-11D3-BF4B-00C04F79EFBC}") = "HW_8", "HW_8.csproj", "{9A000CA6-808F-437F-99C9-69BB7A474B57}"
EndProject
Global
	GlobalSection(SolutionConfigurationPlatforms) = preSolution
		Debug|Any CPU = Debug|Any CPU
		Release|Any CPU = Release|Any CPU
	EndGlobalSection
	GlobalSection(ProjectConfigurationPlatforms) = postSolution
		{9A000CA6-808F-437F-99C9-69BB7A474B57}.Debug|Any CPU.ActiveCfg = Debug|Any CPU
		{9A000CA6-808F-437F-99C9-69BB7A474B57}.Debug|Any CPU.Build.0 = Debug|Any CPU
		{9A000CA6-808F-437F-99C9-69BB7A474B57}.Release|Any CPU.ActiveCfg = Release|Any CPU
		{9A000CA6-808F-437F-99C9-69BB7A474B57}.Release|Any CPU.Build.0 = Release|Any CPU
	EndGlobalSection
	GlobalSection(SolutionProperties) = preSolution
		HideSolutionNode = FALSE
	EndGlobalSection
	GlobalSection(ExtensibilityGlobals) = postSolution
		SolutionGuid = {13DDC4BC-F95B-4D7F-8ACA-81C54A7C39B7}
	EndGlobalSection
EndGlobal
